{
  "originHash" : "41422fc659ac624129ff9736794086adf81192e1d0196ff6c690a23d6a134cd3",
  "pins" : [
    {
      "identity" : "applepie",
      "kind" : "remoteSourceControl",
      "location" : "https://github.com/PinkXaciD/ApplePie",
      "state" : {
        "revision" : "1fc5b8aba55649cdfdf2c5887b0c728dbd1bd6dc",
        "version" : "1.1.0"
      }
    }
  ],
  "version" : 3
}
