{
  "originHash" : "41422fc659ac624129ff9736794086adf81192e1d0196ff6c690a23d6a134cd3",
  "pins" : [
    {
      "identity" : "applepie",
      "kind" : "remoteSourceControl",
      "location" : "https://github.com/PinkXaciD/ApplePie",
      "state" : {
        "revision" : "815b1914ad5fee3485f6ec3deb1198b4c1447c9b",
        "version" : "2.0.0"
      }
    }
  ],
  "version" : 3
}
