// !$*UTF8*$!
{
	archiveVersion = 1;
	classes = {
	};
	objectVersion = 56;
	objects = {

/* Begin PBXBuildFile section */
		8D0429D92A9B8B2D00A09BB4 /* BarChartBar.swift in Sources */ = {isa = PBXBuildFile; fileRef = 8D0429D82A9B8B2D00A09BB4 /* BarChartBar.swift */; };
		8D0429DB2A9B8D2400A09BB4 /* BarChartGenerator.swift in Sources */ = {isa = PBXBuildFile; fileRef = 8D0429DA2A9B8D2400A09BB4 /* BarChartGenerator.swift */; };
		8D0763A32A4B07ED00D2C3FF /* AddSpendingView.swift in Sources */ = {isa = PBXBuildFile; fileRef = 8D0763A22A4B07ED00D2C3FF /* AddSpendingView.swift */; };
		8D0763A82A4B257F00D2C3FF /* CurrencySelector.swift in Sources */ = {isa = PBXBuildFile; fileRef = 8D0763A72A4B257F00D2C3FF /* CurrencySelector.swift */; };
		8D0763AB2A4B3AAF00D2C3FF /* DateSelector.swift in Sources */ = {isa = PBXBuildFile; fileRef = 8D0763AA2A4B3AAF00D2C3FF /* DateSelector.swift */; };
		8D08C5D62A55A69200E79476 /* DataContainer.xcdatamodeld in Sources */ = {isa = PBXBuildFile; fileRef = 8D08C5D42A55A69200E79476 /* DataContainer.xcdatamodeld */; };
		8D1E71E32AAEFED6004A17B4 /* ColorExtensions.swift in Sources */ = {isa = PBXBuildFile; fileRef = 8D1E71E22AAEFED6004A17B4 /* ColorExtensions.swift */; };
		8D1E71E52AAF1C1A004A17B4 /* CategoryEditView.swift in Sources */ = {isa = PBXBuildFile; fileRef = 8D1E71E42AAF1C1A004A17B4 /* CategoryEditView.swift */; };
		8D21FE792A6197BF003C4AE0 /* DestroyPSView.swift in Sources */ = {isa = PBXBuildFile; fileRef = 8D21FE782A6197BF003C4AE0 /* DestroyPSView.swift */; };
		8D2316F82AD3112F00CEE8C1 /* ErrorHandler.swift in Sources */ = {isa = PBXBuildFile; fileRef = 8D2316F72AD3112F00CEE8C1 /* ErrorHandler.swift */; };
		8D28C7F02A73DF7000F27CD4 /* Colors.swift in Sources */ = {isa = PBXBuildFile; fileRef = 8D28C7EF2A73DF7000F27CD4 /* Colors.swift */; };
		8D31CE5E2AD029EC00E8B74B /* APIURLComponents.swift in Sources */ = {isa = PBXBuildFile; fileRef = 8D31CE5D2AD029EC00E8B74B /* APIURLComponents.swift */; };
		8D3876632A740F960005FFAF /* InputUtils.swift in Sources */ = {isa = PBXBuildFile; fileRef = 8D3876622A740F960005FFAF /* InputUtils.swift */; };
		8D406EAC2A9A386E002D3ED1 /* BarChartData.swift in Sources */ = {isa = PBXBuildFile; fileRef = 8D406EAB2A9A386E002D3ED1 /* BarChartData.swift */; };
		8D4927672AB2128F008E6347 /* readme.md in Resources */ = {isa = PBXBuildFile; fileRef = 8D4927662AB2128F008E6347 /* readme.md */; };
		8D4A539C2A78055200081E5F /* SpendingEditView.swift in Sources */ = {isa = PBXBuildFile; fileRef = 8D4A539B2A78055200081E5F /* SpendingEditView.swift */; };
		8D4B0ACF2A55F245008D32B1 /* DataController.swift in Sources */ = {isa = PBXBuildFile; fileRef = 8D4B0ACE2A55F245008D32B1 /* DataController.swift */; };
		8D4E08182AAA152A00B3544F /* SpendingsModel.swift in Sources */ = {isa = PBXBuildFile; fileRef = 8D4E08172AAA152A00B3544F /* SpendingsModel.swift */; };
		8D4E081A2AAA15B900B3544F /* CategoriesModel.swift in Sources */ = {isa = PBXBuildFile; fileRef = 8D4E08192AAA15B900B3544F /* CategoriesModel.swift */; };
		8D4E081C2AAA163800B3544F /* CurrenciesModel.swift in Sources */ = {isa = PBXBuildFile; fileRef = 8D4E081B2AAA163800B3544F /* CurrenciesModel.swift */; };
		8D5587202A95FE7600FEF2B5 /* StringExtensions.swift in Sources */ = {isa = PBXBuildFile; fileRef = 8D55871F2A95FE7600FEF2B5 /* StringExtensions.swift */; };
		8D5860332A5F3898001D97AC /* SpendingView.swift in Sources */ = {isa = PBXBuildFile; fileRef = 8D5860322A5F3898001D97AC /* SpendingView.swift */; };
		8D5894982A829E3D00A6DB65 /* BarChart.swift in Sources */ = {isa = PBXBuildFile; fileRef = 8D5894972A829E3D00A6DB65 /* BarChart.swift */; };
		8D591EA82A93AAF700A9CD07 /* LaunchActions.swift in Sources */ = {isa = PBXBuildFile; fileRef = 8D591EA72A93AAF700A9CD07 /* LaunchActions.swift */; };
		8D6059E22AB874FA0043A293 /* RatesViewModel.swift in Sources */ = {isa = PBXBuildFile; fileRef = 8D6059E12AB874FA0043A293 /* RatesViewModel.swift */; };
		8D6059E42AB87AF60043A293 /* RatesView.swift in Sources */ = {isa = PBXBuildFile; fileRef = 8D6059E32AB87AF60043A293 /* RatesView.swift */; };
		8D75E5B02A67FAF9009CA5C6 /* UiColorSelector.swift in Sources */ = {isa = PBXBuildFile; fileRef = 8D75E5AF2A67FAF9009CA5C6 /* UiColorSelector.swift */; };
		8D78060A2A6984F800343D89 /* PieChartPiece.swift in Sources */ = {isa = PBXBuildFile; fileRef = 8D7806092A6984F800343D89 /* PieChartPiece.swift */; };
		8D78BB8A2A9A1B570075DC70 /* PieChart.swift in Sources */ = {isa = PBXBuildFile; fileRef = 8D78BB892A9A1B570075DC70 /* PieChart.swift */; };
		8D78BB8C2A9A1ED70075DC70 /* EmptyPieChart.swift in Sources */ = {isa = PBXBuildFile; fileRef = 8D78BB8B2A9A1ED70075DC70 /* EmptyPieChart.swift */; };
		8D7ECC7A2AACAF6F005A515D /* CustomColorSelector.swift in Sources */ = {isa = PBXBuildFile; fileRef = 8D7ECC792AACAF6F005A515D /* CustomColorSelector.swift */; };
		8D7EFB0B2A85096B009797E8 /* DateExtensions.swift in Sources */ = {isa = PBXBuildFile; fileRef = 8D7EFB0A2A85096B009797E8 /* DateExtensions.swift */; };
		8D830DF12AE00CE600EFB1E7 /* ShadowedCategoriesRow.swift in Sources */ = {isa = PBXBuildFile; fileRef = 8D830DF02AE00CE600EFB1E7 /* ShadowedCategoriesRow.swift */; };
		8D88CDC02AA0E37000668DEC /* CategoryEntity+CoreDataClass.swift in Sources */ = {isa = PBXBuildFile; fileRef = 8D88CDBC2AA0E37000668DEC /* CategoryEntity+CoreDataClass.swift */; };
		8D88CDC12AA0E37000668DEC /* CategoryEntity+CoreDataProperties.swift in Sources */ = {isa = PBXBuildFile; fileRef = 8D88CDBD2AA0E37000668DEC /* CategoryEntity+CoreDataProperties.swift */; };
		8D88CDC22AA0E37000668DEC /* SpendingEntity+CoreDataClass.swift in Sources */ = {isa = PBXBuildFile; fileRef = 8D88CDBE2AA0E37000668DEC /* SpendingEntity+CoreDataClass.swift */; };
		8D88CDC32AA0E37000668DEC /* SpendingEntity+CoreDataProperties.swift in Sources */ = {isa = PBXBuildFile; fileRef = 8D88CDBF2AA0E37000668DEC /* SpendingEntity+CoreDataProperties.swift */; };
		8D9B50122AC1A5C800C7732B /* RatesModel.swift in Sources */ = {isa = PBXBuildFile; fileRef = 8D9B50112AC1A5C800C7732B /* RatesModel.swift */; };
		8D9B50162AC2FCCD00C7732B /* RatesErrors.swift in Sources */ = {isa = PBXBuildFile; fileRef = 8D9B50152AC2FCCD00C7732B /* RatesErrors.swift */; };
		8DB294BA2A7C0FF800170BA2 /* NumbersViewModifier.swift in Sources */ = {isa = PBXBuildFile; fileRef = 8DB294B92A7C0FF800170BA2 /* NumbersViewModifier.swift */; };
		8DBA96A62AD48DB800F900C4 /* AboutView.swift in Sources */ = {isa = PBXBuildFile; fileRef = 8DBA96A52AD48DB800F900C4 /* AboutView.swift */; };
		8DBAABEA2A866E7D0089521E /* SpendingCompleteView.swift in Sources */ = {isa = PBXBuildFile; fileRef = 8DBAABE92A866E7D0089521E /* SpendingCompleteView.swift */; };
		8DBED4D32ADC37660031DBA8 /* CurrencyRow.swift in Sources */ = {isa = PBXBuildFile; fileRef = 8DBED4D22ADC37660031DBA8 /* CurrencyRow.swift */; };
		8DBEF1332ADD5BB8005D683D /* NewCurrencyRow.swift in Sources */ = {isa = PBXBuildFile; fileRef = 8DBEF1322ADD5BB8005D683D /* NewCurrencyRow.swift */; };
		8DBEF1352ADD6D4F005D683D /* CategoryRow.swift in Sources */ = {isa = PBXBuildFile; fileRef = 8DBEF1342ADD6D4F005D683D /* CategoryRow.swift */; };
		8DBFEBCE2A49ED4800165414 /* financecontrolApp.swift in Sources */ = {isa = PBXBuildFile; fileRef = 8DBFEBCD2A49ED4800165414 /* financecontrolApp.swift */; };
		8DBFEBD02A49ED4800165414 /* ContentView.swift in Sources */ = {isa = PBXBuildFile; fileRef = 8DBFEBCF2A49ED4800165414 /* ContentView.swift */; };
		8DBFEBD22A49ED4900165414 /* Assets.xcassets in Resources */ = {isa = PBXBuildFile; fileRef = 8DBFEBD12A49ED4900165414 /* Assets.xcassets */; };
		8DBFEBD52A49ED4900165414 /* Preview Assets.xcassets in Resources */ = {isa = PBXBuildFile; fileRef = 8DBFEBD42A49ED4900165414 /* Preview Assets.xcassets */; };
		8DBFEBF92A49ED9A00165414 /* HomeView.swift in Sources */ = {isa = PBXBuildFile; fileRef = 8DBFEBF82A49ED9A00165414 /* HomeView.swift */; };
		8DC4279C2A570D9600525DC4 /* StatsView.swift in Sources */ = {isa = PBXBuildFile; fileRef = 8DC4279B2A570D9600525DC4 /* StatsView.swift */; };
		8DCA25E42A9F4E5300A5BC31 /* ShadowedCategoriesView.swift in Sources */ = {isa = PBXBuildFile; fileRef = 8DCA25E32A9F4E5300A5BC31 /* ShadowedCategoriesView.swift */; };
		8DCAB8732A7D4F83009B2F89 /* AddCurrencyView.swift in Sources */ = {isa = PBXBuildFile; fileRef = 8DCAB8722A7D4F83009B2F89 /* AddCurrencyView.swift */; };
		8DCB302B2A971C2F00DC9ABB /* OtherExtensions.swift in Sources */ = {isa = PBXBuildFile; fileRef = 8DCB302A2A971C2F00DC9ABB /* OtherExtensions.swift */; };
		8DCB302D2A97314400DC9ABB /* StatsRow.swift in Sources */ = {isa = PBXBuildFile; fileRef = 8DCB302C2A97314400DC9ABB /* StatsRow.swift */; };
		8DCB302F2A97578F00DC9ABB /* ViewExtensions.swift in Sources */ = {isa = PBXBuildFile; fileRef = 8DCB302E2A97578F00DC9ABB /* ViewExtensions.swift */; };
		8DD5C38C2A603F4500FC862C /* Formatters.swift in Sources */ = {isa = PBXBuildFile; fileRef = 8DD5C38B2A603F4500FC862C /* Formatters.swift */; };
		8DD5C38F2A607F1C00FC862C /* CategorySelector.swift in Sources */ = {isa = PBXBuildFile; fileRef = 8DD5C38E2A607F1C00FC862C /* CategorySelector.swift */; };
		8DDFD4742A68249100493753 /* DefaultCurrencySelector.swift in Sources */ = {isa = PBXBuildFile; fileRef = 8DDFD4732A68249100493753 /* DefaultCurrencySelector.swift */; };
		8DE29BA82A683F01002F5C42 /* AddCategoryView.swift in Sources */ = {isa = PBXBuildFile; fileRef = 8DE29BA72A683F01002F5C42 /* AddCategoryView.swift */; };
		8DE48D122A72DA88008A2DD4 /* CategoriesEditView.swift in Sources */ = {isa = PBXBuildFile; fileRef = 8DE48D112A72DA88008A2DD4 /* CategoriesEditView.swift */; };
		8DE48D142A73B9F3008A2DD4 /* PieChartGenerator.swift in Sources */ = {isa = PBXBuildFile; fileRef = 8DE48D132A73B9F3008A2DD4 /* PieChartGenerator.swift */; };
		8DE48D172A73BBC8008A2DD4 /* PieChartData.swift in Sources */ = {isa = PBXBuildFile; fileRef = 8DE48D162A73BBC8008A2DD4 /* PieChartData.swift */; };
		8DEC3FF12AD580D700F5D82E /* DebugView.swift in Sources */ = {isa = PBXBuildFile; fileRef = 8DEC3FF02AD580D700F5D82E /* DebugView.swift */; };
		8DEED7282A5C4A3700C79752 /* SettingsView.swift in Sources */ = {isa = PBXBuildFile; fileRef = 8DEED7272A5C4A3700C79752 /* SettingsView.swift */; };
		8DF8AE9C2AB47334006D287B /* .gitignore in Resources */ = {isa = PBXBuildFile; fileRef = 8DF8AE9B2AB47334006D287B /* .gitignore */; };
		8DFA950D2AA739A900CA2C68 /* ApplePie in Frameworks */ = {isa = PBXBuildFile; productRef = 8DFA950C2AA739A900CA2C68 /* ApplePie */; };
/* End PBXBuildFile section */

/* Begin PBXContainerItemProxy section */
		8DBFEBDB2A49ED4900165414 /* PBXContainerItemProxy */ = {
			isa = PBXContainerItemProxy;
			containerPortal = 8DBFEBC22A49ED4800165414 /* Project object */;
			proxyType = 1;
			remoteGlobalIDString = 8DBFEBC92A49ED4800165414;
			remoteInfo = financecontrol;
		};
		8DBFEBE52A49ED4900165414 /* PBXContainerItemProxy */ = {
			isa = PBXContainerItemProxy;
			containerPortal = 8DBFEBC22A49ED4800165414 /* Project object */;
			proxyType = 1;
			remoteGlobalIDString = 8DBFEBC92A49ED4800165414;
			remoteInfo = financecontrol;
		};
/* End PBXContainerItemProxy section */

/* Begin PBXFileReference section */
		8D0429D82A9B8B2D00A09BB4 /* BarChartBar.swift */ = {isa = PBXFileReference; lastKnownFileType = sourcecode.swift; name = BarChartBar.swift; path = financecontrol/Views/Home/SubViews/BarChartBar.swift; sourceTree = SOURCE_ROOT; };
		8D0429DA2A9B8D2400A09BB4 /* BarChartGenerator.swift */ = {isa = PBXFileReference; lastKnownFileType = sourcecode.swift; path = BarChartGenerator.swift; sourceTree = "<group>"; };
		8D0763A22A4B07ED00D2C3FF /* AddSpendingView.swift */ = {isa = PBXFileReference; lastKnownFileType = sourcecode.swift; path = AddSpendingView.swift; sourceTree = "<group>"; };
		8D0763A72A4B257F00D2C3FF /* CurrencySelector.swift */ = {isa = PBXFileReference; lastKnownFileType = sourcecode.swift; path = CurrencySelector.swift; sourceTree = "<group>"; };
		8D0763AA2A4B3AAF00D2C3FF /* DateSelector.swift */ = {isa = PBXFileReference; lastKnownFileType = sourcecode.swift; path = DateSelector.swift; sourceTree = "<group>"; };
		8D08C5D52A55A69200E79476 /* SpendingsModel.xcdatamodel */ = {isa = PBXFileReference; lastKnownFileType = wrapper.xcdatamodel; path = SpendingsModel.xcdatamodel; sourceTree = "<group>"; };
		8D1E71E22AAEFED6004A17B4 /* ColorExtensions.swift */ = {isa = PBXFileReference; lastKnownFileType = sourcecode.swift; path = ColorExtensions.swift; sourceTree = "<group>"; };
		8D1E71E42AAF1C1A004A17B4 /* CategoryEditView.swift */ = {isa = PBXFileReference; lastKnownFileType = sourcecode.swift; path = CategoryEditView.swift; sourceTree = "<group>"; };
		8D21FE782A6197BF003C4AE0 /* DestroyPSView.swift */ = {isa = PBXFileReference; lastKnownFileType = sourcecode.swift; path = DestroyPSView.swift; sourceTree = "<group>"; };
		8D2316F72AD3112F00CEE8C1 /* ErrorHandler.swift */ = {isa = PBXFileReference; lastKnownFileType = sourcecode.swift; path = ErrorHandler.swift; sourceTree = "<group>"; };
		8D28C7EF2A73DF7000F27CD4 /* Colors.swift */ = {isa = PBXFileReference; lastKnownFileType = sourcecode.swift; name = Colors.swift; path = financecontrol/Utils/Colors.swift; sourceTree = SOURCE_ROOT; };
		8D31CE5D2AD029EC00E8B74B /* APIURLComponents.swift */ = {isa = PBXFileReference; lastKnownFileType = sourcecode.swift; path = APIURLComponents.swift; sourceTree = "<group>"; };
		8D3876622A740F960005FFAF /* InputUtils.swift */ = {isa = PBXFileReference; lastKnownFileType = sourcecode.swift; path = InputUtils.swift; sourceTree = "<group>"; };
		8D406EAB2A9A386E002D3ED1 /* BarChartData.swift */ = {isa = PBXFileReference; lastKnownFileType = sourcecode.swift; path = BarChartData.swift; sourceTree = "<group>"; };
		8D4927662AB2128F008E6347 /* readme.md */ = {isa = PBXFileReference; fileEncoding = 4; lastKnownFileType = net.daringfireball.markdown; path = readme.md; sourceTree = "<group>"; };
		8D4A539B2A78055200081E5F /* SpendingEditView.swift */ = {isa = PBXFileReference; lastKnownFileType = sourcecode.swift; path = SpendingEditView.swift; sourceTree = "<group>"; };
		8D4B0ACE2A55F245008D32B1 /* DataController.swift */ = {isa = PBXFileReference; lastKnownFileType = sourcecode.swift; path = DataController.swift; sourceTree = "<group>"; };
		8D4E08172AAA152A00B3544F /* SpendingsModel.swift */ = {isa = PBXFileReference; lastKnownFileType = sourcecode.swift; path = SpendingsModel.swift; sourceTree = "<group>"; };
		8D4E08192AAA15B900B3544F /* CategoriesModel.swift */ = {isa = PBXFileReference; lastKnownFileType = sourcecode.swift; path = CategoriesModel.swift; sourceTree = "<group>"; };
		8D4E081B2AAA163800B3544F /* CurrenciesModel.swift */ = {isa = PBXFileReference; lastKnownFileType = sourcecode.swift; path = CurrenciesModel.swift; sourceTree = "<group>"; };
		8D55871F2A95FE7600FEF2B5 /* StringExtensions.swift */ = {isa = PBXFileReference; lastKnownFileType = sourcecode.swift; name = StringExtensions.swift; path = financecontrol/Extensions/StringExtensions.swift; sourceTree = SOURCE_ROOT; };
		8D5860322A5F3898001D97AC /* SpendingView.swift */ = {isa = PBXFileReference; lastKnownFileType = sourcecode.swift; path = SpendingView.swift; sourceTree = "<group>"; };
		8D5894972A829E3D00A6DB65 /* BarChart.swift */ = {isa = PBXFileReference; lastKnownFileType = sourcecode.swift; path = BarChart.swift; sourceTree = "<group>"; };
		8D591EA72A93AAF700A9CD07 /* LaunchActions.swift */ = {isa = PBXFileReference; lastKnownFileType = sourcecode.swift; path = LaunchActions.swift; sourceTree = "<group>"; };
		8D6059E12AB874FA0043A293 /* RatesViewModel.swift */ = {isa = PBXFileReference; lastKnownFileType = sourcecode.swift; path = RatesViewModel.swift; sourceTree = "<group>"; };
		8D6059E32AB87AF60043A293 /* RatesView.swift */ = {isa = PBXFileReference; lastKnownFileType = sourcecode.swift; path = RatesView.swift; sourceTree = "<group>"; };
		8D75E5AF2A67FAF9009CA5C6 /* UiColorSelector.swift */ = {isa = PBXFileReference; lastKnownFileType = sourcecode.swift; path = UiColorSelector.swift; sourceTree = "<group>"; };
		8D7806092A6984F800343D89 /* PieChartPiece.swift */ = {isa = PBXFileReference; lastKnownFileType = sourcecode.swift; path = PieChartPiece.swift; sourceTree = "<group>"; };
		8D78BB892A9A1B570075DC70 /* PieChart.swift */ = {isa = PBXFileReference; lastKnownFileType = sourcecode.swift; path = PieChart.swift; sourceTree = "<group>"; };
		8D78BB8B2A9A1ED70075DC70 /* EmptyPieChart.swift */ = {isa = PBXFileReference; lastKnownFileType = sourcecode.swift; name = EmptyPieChart.swift; path = financecontrol/SubViews/PieChart/EmptyPieChart.swift; sourceTree = SOURCE_ROOT; };
		8D7ECC792AACAF6F005A515D /* CustomColorSelector.swift */ = {isa = PBXFileReference; lastKnownFileType = sourcecode.swift; path = CustomColorSelector.swift; sourceTree = "<group>"; };
		8D7EFB0A2A85096B009797E8 /* DateExtensions.swift */ = {isa = PBXFileReference; lastKnownFileType = sourcecode.swift; path = DateExtensions.swift; sourceTree = "<group>"; };
		8D830DF02AE00CE600EFB1E7 /* ShadowedCategoriesRow.swift */ = {isa = PBXFileReference; lastKnownFileType = sourcecode.swift; path = ShadowedCategoriesRow.swift; sourceTree = "<group>"; };
		8D88CDBC2AA0E37000668DEC /* CategoryEntity+CoreDataClass.swift */ = {isa = PBXFileReference; lastKnownFileType = sourcecode.swift; name = "CategoryEntity+CoreDataClass.swift"; path = "DataManagment/CategoryEntity+CoreDataClass.swift"; sourceTree = "<group>"; };
		8D88CDBD2AA0E37000668DEC /* CategoryEntity+CoreDataProperties.swift */ = {isa = PBXFileReference; lastKnownFileType = sourcecode.swift; name = "CategoryEntity+CoreDataProperties.swift"; path = "DataManagment/CategoryEntity+CoreDataProperties.swift"; sourceTree = "<group>"; };
		8D88CDBE2AA0E37000668DEC /* SpendingEntity+CoreDataClass.swift */ = {isa = PBXFileReference; lastKnownFileType = sourcecode.swift; name = "SpendingEntity+CoreDataClass.swift"; path = "DataManagment/SpendingEntity+CoreDataClass.swift"; sourceTree = "<group>"; };
		8D88CDBF2AA0E37000668DEC /* SpendingEntity+CoreDataProperties.swift */ = {isa = PBXFileReference; lastKnownFileType = sourcecode.swift; name = "SpendingEntity+CoreDataProperties.swift"; path = "DataManagment/SpendingEntity+CoreDataProperties.swift"; sourceTree = "<group>"; };
		8D9B50112AC1A5C800C7732B /* RatesModel.swift */ = {isa = PBXFileReference; lastKnownFileType = sourcecode.swift; path = RatesModel.swift; sourceTree = "<group>"; };
		8D9B50132AC1BE9700C7732B /* Info.plist */ = {isa = PBXFileReference; lastKnownFileType = text.plist; path = Info.plist; sourceTree = "<group>"; };
		8D9B50152AC2FCCD00C7732B /* RatesErrors.swift */ = {isa = PBXFileReference; lastKnownFileType = sourcecode.swift; path = RatesErrors.swift; sourceTree = "<group>"; };
		8DB294B92A7C0FF800170BA2 /* NumbersViewModifier.swift */ = {isa = PBXFileReference; lastKnownFileType = sourcecode.swift; path = NumbersViewModifier.swift; sourceTree = "<group>"; };
		8DBA96A52AD48DB800F900C4 /* AboutView.swift */ = {isa = PBXFileReference; lastKnownFileType = sourcecode.swift; path = AboutView.swift; sourceTree = "<group>"; };
		8DBAABE92A866E7D0089521E /* SpendingCompleteView.swift */ = {isa = PBXFileReference; lastKnownFileType = sourcecode.swift; path = SpendingCompleteView.swift; sourceTree = "<group>"; };
		8DBED4D22ADC37660031DBA8 /* CurrencyRow.swift */ = {isa = PBXFileReference; lastKnownFileType = sourcecode.swift; path = CurrencyRow.swift; sourceTree = "<group>"; };
		8DBEF1322ADD5BB8005D683D /* NewCurrencyRow.swift */ = {isa = PBXFileReference; lastKnownFileType = sourcecode.swift; path = NewCurrencyRow.swift; sourceTree = "<group>"; };
		8DBEF1342ADD6D4F005D683D /* CategoryRow.swift */ = {isa = PBXFileReference; lastKnownFileType = sourcecode.swift; path = CategoryRow.swift; sourceTree = "<group>"; };
		8DBFEBCA2A49ED4800165414 /* financecontrol.app */ = {isa = PBXFileReference; explicitFileType = wrapper.application; includeInIndex = 0; path = financecontrol.app; sourceTree = BUILT_PRODUCTS_DIR; };
		8DBFEBCD2A49ED4800165414 /* financecontrolApp.swift */ = {isa = PBXFileReference; lastKnownFileType = sourcecode.swift; path = financecontrolApp.swift; sourceTree = "<group>"; };
		8DBFEBCF2A49ED4800165414 /* ContentView.swift */ = {isa = PBXFileReference; lastKnownFileType = sourcecode.swift; path = ContentView.swift; sourceTree = "<group>"; };
		8DBFEBD12A49ED4900165414 /* Assets.xcassets */ = {isa = PBXFileReference; lastKnownFileType = folder.assetcatalog; path = Assets.xcassets; sourceTree = "<group>"; };
		8DBFEBD42A49ED4900165414 /* Preview Assets.xcassets */ = {isa = PBXFileReference; lastKnownFileType = folder.assetcatalog; path = "Preview Assets.xcassets"; sourceTree = "<group>"; };
		8DBFEBDA2A49ED4900165414 /* financecontrolTests.xctest */ = {isa = PBXFileReference; explicitFileType = wrapper.cfbundle; includeInIndex = 0; path = financecontrolTests.xctest; sourceTree = BUILT_PRODUCTS_DIR; };
		8DBFEBE42A49ED4900165414 /* financecontrolUITests.xctest */ = {isa = PBXFileReference; explicitFileType = wrapper.cfbundle; includeInIndex = 0; path = financecontrolUITests.xctest; sourceTree = BUILT_PRODUCTS_DIR; };
		8DBFEBF82A49ED9A00165414 /* HomeView.swift */ = {isa = PBXFileReference; lastKnownFileType = sourcecode.swift; path = HomeView.swift; sourceTree = "<group>"; };
		8DC4279B2A570D9600525DC4 /* StatsView.swift */ = {isa = PBXFileReference; lastKnownFileType = sourcecode.swift; path = StatsView.swift; sourceTree = "<group>"; };
		8DCA25E32A9F4E5300A5BC31 /* ShadowedCategoriesView.swift */ = {isa = PBXFileReference; lastKnownFileType = sourcecode.swift; path = ShadowedCategoriesView.swift; sourceTree = "<group>"; };
		8DCAB8722A7D4F83009B2F89 /* AddCurrencyView.swift */ = {isa = PBXFileReference; lastKnownFileType = sourcecode.swift; path = AddCurrencyView.swift; sourceTree = "<group>"; };
		8DCB302A2A971C2F00DC9ABB /* OtherExtensions.swift */ = {isa = PBXFileReference; lastKnownFileType = sourcecode.swift; name = OtherExtensions.swift; path = financecontrol/Views/OtherExtensions.swift; sourceTree = SOURCE_ROOT; };
		8DCB302C2A97314400DC9ABB /* StatsRow.swift */ = {isa = PBXFileReference; lastKnownFileType = sourcecode.swift; name = StatsRow.swift; path = financecontrol/Views/Stats/SubViews/StatsRow.swift; sourceTree = SOURCE_ROOT; };
		8DCB302E2A97578F00DC9ABB /* ViewExtensions.swift */ = {isa = PBXFileReference; lastKnownFileType = sourcecode.swift; name = ViewExtensions.swift; path = financecontrol/Extensions/ViewExtensions.swift; sourceTree = SOURCE_ROOT; };
		8DD5C38B2A603F4500FC862C /* Formatters.swift */ = {isa = PBXFileReference; lastKnownFileType = sourcecode.swift; path = Formatters.swift; sourceTree = "<group>"; };
		8DD5C38E2A607F1C00FC862C /* CategorySelector.swift */ = {isa = PBXFileReference; lastKnownFileType = sourcecode.swift; path = CategorySelector.swift; sourceTree = "<group>"; };
		8DDFD4732A68249100493753 /* DefaultCurrencySelector.swift */ = {isa = PBXFileReference; lastKnownFileType = sourcecode.swift; path = DefaultCurrencySelector.swift; sourceTree = "<group>"; };
		8DE29BA72A683F01002F5C42 /* AddCategoryView.swift */ = {isa = PBXFileReference; lastKnownFileType = sourcecode.swift; path = AddCategoryView.swift; sourceTree = "<group>"; };
		8DE48D112A72DA88008A2DD4 /* CategoriesEditView.swift */ = {isa = PBXFileReference; lastKnownFileType = sourcecode.swift; path = CategoriesEditView.swift; sourceTree = "<group>"; };
		8DE48D132A73B9F3008A2DD4 /* PieChartGenerator.swift */ = {isa = PBXFileReference; lastKnownFileType = sourcecode.swift; name = PieChartGenerator.swift; path = financecontrol/SubViews/PieChart/PieChartGenerator.swift; sourceTree = SOURCE_ROOT; };
		8DE48D162A73BBC8008A2DD4 /* PieChartData.swift */ = {isa = PBXFileReference; lastKnownFileType = sourcecode.swift; path = PieChartData.swift; sourceTree = "<group>"; };
		8DEC3FF02AD580D700F5D82E /* DebugView.swift */ = {isa = PBXFileReference; lastKnownFileType = sourcecode.swift; path = DebugView.swift; sourceTree = "<group>"; };
		8DEED7272A5C4A3700C79752 /* SettingsView.swift */ = {isa = PBXFileReference; lastKnownFileType = sourcecode.swift; path = SettingsView.swift; sourceTree = "<group>"; };
		8DF8AE9B2AB47334006D287B /* .gitignore */ = {isa = PBXFileReference; lastKnownFileType = text; path = .gitignore; sourceTree = "<group>"; };
/* End PBXFileReference section */

/* Begin PBXFrameworksBuildPhase section */
		8DBFEBC72A49ED4800165414 /* Frameworks */ = {
			isa = PBXFrameworksBuildPhase;
			buildActionMask = 2147483647;
			files = (
				8DFA950D2AA739A900CA2C68 /* ApplePie in Frameworks */,
			);
			runOnlyForDeploymentPostprocessing = 0;
		};
		8DBFEBD72A49ED4900165414 /* Frameworks */ = {
			isa = PBXFrameworksBuildPhase;
			buildActionMask = 2147483647;
			files = (
			);
			runOnlyForDeploymentPostprocessing = 0;
		};
		8DBFEBE12A49ED4900165414 /* Frameworks */ = {
			isa = PBXFrameworksBuildPhase;
			buildActionMask = 2147483647;
			files = (
			);
			runOnlyForDeploymentPostprocessing = 0;
		};
/* End PBXFrameworksBuildPhase section */

/* Begin PBXGroup section */
		8D0763A92A4B278100D2C3FF /* Utils */ = {
			isa = PBXGroup;
			children = (
				8DD5C38B2A603F4500FC862C /* Formatters.swift */,
				8D28C7EF2A73DF7000F27CD4 /* Colors.swift */,
				8D3876622A740F960005FFAF /* InputUtils.swift */,
				8D591EA72A93AAF700A9CD07 /* LaunchActions.swift */,
			);
			path = Utils;
			sourceTree = "<group>";
		};
		8D406EA22A9A360A002D3ED1 /* Data */ = {
			isa = PBXGroup;
			children = (
				8DE48D162A73BBC8008A2DD4 /* PieChartData.swift */,
			);
			path = Data;
			sourceTree = "<group>";
		};
		8D406EA32A9A365B002D3ED1 /* Stats */ = {
			isa = PBXGroup;
			children = (
				8DC4279B2A570D9600525DC4 /* StatsView.swift */,
				8D406EA42A9A366A002D3ED1 /* SubViews */,
			);
			path = Stats;
			sourceTree = "<group>";
		};
		8D406EA42A9A366A002D3ED1 /* SubViews */ = {
			isa = PBXGroup;
			children = (
				8DCB302C2A97314400DC9ABB /* StatsRow.swift */,
				8D5894942A829D8C00A6DB65 /* Spending */,
			);
			path = SubViews;
			sourceTree = "<group>";
		};
		8D406EA52A9A368B002D3ED1 /* Home */ = {
			isa = PBXGroup;
			children = (
				8DBFEBF82A49ED9A00165414 /* HomeView.swift */,
				8D406EA62A9A3695002D3ED1 /* SubViews */,
			);
			path = Home;
			sourceTree = "<group>";
		};
		8D406EA62A9A3695002D3ED1 /* SubViews */ = {
			isa = PBXGroup;
			children = (
				8D0429D82A9B8B2D00A09BB4 /* BarChartBar.swift */,
				8D5894972A829E3D00A6DB65 /* BarChart.swift */,
				8D0429DA2A9B8D2400A09BB4 /* BarChartGenerator.swift */,
				8D406EAB2A9A386E002D3ED1 /* BarChartData.swift */,
				8D0763A22A4B07ED00D2C3FF /* AddSpendingView.swift */,
			);
			path = SubViews;
			sourceTree = "<group>";
		};
		8D406EA72A9A36A6002D3ED1 /* Settings */ = {
			isa = PBXGroup;
			children = (
				8D406EA82A9A36AF002D3ED1 /* SubViews */,
				8DEED7272A5C4A3700C79752 /* SettingsView.swift */,
				8DEC3FF02AD580D700F5D82E /* DebugView.swift */,
			);
			path = Settings;
			sourceTree = "<group>";
		};
		8D406EA82A9A36AF002D3ED1 /* SubViews */ = {
			isa = PBXGroup;
			children = (
				8D406EAA2A9A36EA002D3ED1 /* Category */,
				8D406EA92A9A36C0002D3ED1 /* Currency */,
				8DBA96A52AD48DB800F900C4 /* AboutView.swift */,
			);
			path = SubViews;
			sourceTree = "<group>";
		};
		8D406EA92A9A36C0002D3ED1 /* Currency */ = {
			isa = PBXGroup;
			children = (
				8DDFD4732A68249100493753 /* DefaultCurrencySelector.swift */,
				8DBED4D22ADC37660031DBA8 /* CurrencyRow.swift */,
				8DCAB8722A7D4F83009B2F89 /* AddCurrencyView.swift */,
				8DBEF1322ADD5BB8005D683D /* NewCurrencyRow.swift */,
				8D6059E32AB87AF60043A293 /* RatesView.swift */,
			);
			path = Currency;
			sourceTree = "<group>";
		};
		8D406EAA2A9A36EA002D3ED1 /* Category */ = {
			isa = PBXGroup;
			children = (
				8DBEF1342ADD6D4F005D683D /* CategoryRow.swift */,
				8DE48D112A72DA88008A2DD4 /* CategoriesEditView.swift */,
				8D1E71E42AAF1C1A004A17B4 /* CategoryEditView.swift */,
				8DE29BA72A683F01002F5C42 /* AddCategoryView.swift */,
				8DCA25E32A9F4E5300A5BC31 /* ShadowedCategoriesView.swift */,
				8D830DF02AE00CE600EFB1E7 /* ShadowedCategoriesRow.swift */,
			);
			path = Category;
			sourceTree = "<group>";
		};
		8D4927682AB32A89008E6347 /* README */ = {
			isa = PBXGroup;
			children = (
			);
			path = README;
			sourceTree = "<group>";
		};
		8D4B0ACD2A55F225008D32B1 /* Controllers */ = {
			isa = PBXGroup;
			children = (
				8D88CDBC2AA0E37000668DEC /* CategoryEntity+CoreDataClass.swift */,
				8D88CDBD2AA0E37000668DEC /* CategoryEntity+CoreDataProperties.swift */,
				8D88CDBE2AA0E37000668DEC /* SpendingEntity+CoreDataClass.swift */,
				8D88CDBF2AA0E37000668DEC /* SpendingEntity+CoreDataProperties.swift */,
				8D4B0ACE2A55F245008D32B1 /* DataController.swift */,
			);
			path = Controllers;
			sourceTree = "<group>";
		};
		8D4B69A82A66ED1E008F098B /* SubViews */ = {
			isa = PBXGroup;
			children = (
				8DE48D152A73BB80008A2DD4 /* PieChart */,
				8D4B69A92A66ED40008F098B /* Selectors */,
				8D21FE782A6197BF003C4AE0 /* DestroyPSView.swift */,
			);
			path = SubViews;
			sourceTree = "<group>";
		};
		8D4B69A92A66ED40008F098B /* Selectors */ = {
			isa = PBXGroup;
			children = (
				8D7ECC792AACAF6F005A515D /* CustomColorSelector.swift */,
				8DD5C38E2A607F1C00FC862C /* CategorySelector.swift */,
				8D0763AA2A4B3AAF00D2C3FF /* DateSelector.swift */,
				8D0763A72A4B257F00D2C3FF /* CurrencySelector.swift */,
				8D75E5AF2A67FAF9009CA5C6 /* UiColorSelector.swift */,
			);
			path = Selectors;
			sourceTree = "<group>";
		};
		8D4E08162AAA14FA00B3544F /* Data */ = {
			isa = PBXGroup;
			children = (
				8D4B0ACD2A55F225008D32B1 /* Controllers */,
				8D4E08172AAA152A00B3544F /* SpendingsModel.swift */,
				8D4E08192AAA15B900B3544F /* CategoriesModel.swift */,
				8D4E081B2AAA163800B3544F /* CurrenciesModel.swift */,
				8D2316F72AD3112F00CEE8C1 /* ErrorHandler.swift */,
			);
			path = Data;
			sourceTree = "<group>";
		};
		8D5894942A829D8C00A6DB65 /* Spending */ = {
			isa = PBXGroup;
			children = (
				8D5860322A5F3898001D97AC /* SpendingView.swift */,
				8D4A539B2A78055200081E5F /* SpendingEditView.swift */,
				8DBAABE92A866E7D0089521E /* SpendingCompleteView.swift */,
			);
			path = Spending;
			sourceTree = "<group>";
		};
		8D6059E02AB874C30043A293 /* Rates */ = {
			isa = PBXGroup;
			children = (
				8D6059E12AB874FA0043A293 /* RatesViewModel.swift */,
				8D9B50112AC1A5C800C7732B /* RatesModel.swift */,
				8D9B50152AC2FCCD00C7732B /* RatesErrors.swift */,
				8D31CE5D2AD029EC00E8B74B /* APIURLComponents.swift */,
			);
			path = Rates;
			sourceTree = "<group>";
		};
		8D7EFB092A850934009797E8 /* Extensions */ = {
			isa = PBXGroup;
			children = (
				8DCB302E2A97578F00DC9ABB /* ViewExtensions.swift */,
				8DCB302A2A971C2F00DC9ABB /* OtherExtensions.swift */,
				8D55871F2A95FE7600FEF2B5 /* StringExtensions.swift */,
				8DB294B92A7C0FF800170BA2 /* NumbersViewModifier.swift */,
				8D7EFB0A2A85096B009797E8 /* DateExtensions.swift */,
				8D1E71E22AAEFED6004A17B4 /* ColorExtensions.swift */,
			);
			path = Extensions;
			sourceTree = "<group>";
		};
		8DBFEBC12A49ED4800165414 = {
			isa = PBXGroup;
			children = (
				8DF8AE9B2AB47334006D287B /* .gitignore */,
				8D4927662AB2128F008E6347 /* readme.md */,
				8D4927682AB32A89008E6347 /* README */,
				8DBFEBCC2A49ED4800165414 /* financecontrol */,
				8DBFEBCB2A49ED4800165414 /* Products */,
			);
			sourceTree = "<group>";
		};
		8DBFEBCB2A49ED4800165414 /* Products */ = {
			isa = PBXGroup;
			children = (
				8DBFEBCA2A49ED4800165414 /* financecontrol.app */,
				8DBFEBDA2A49ED4900165414 /* financecontrolTests.xctest */,
				8DBFEBE42A49ED4900165414 /* financecontrolUITests.xctest */,
			);
			name = Products;
			sourceTree = "<group>";
		};
		8DBFEBCC2A49ED4800165414 /* financecontrol */ = {
			isa = PBXGroup;
			children = (
				8D9B50132AC1BE9700C7732B /* Info.plist */,
				8DBFEBCD2A49ED4800165414 /* financecontrolApp.swift */,
				8DBFEBCF2A49ED4800165414 /* ContentView.swift */,
				8DBFEBD12A49ED4900165414 /* Assets.xcassets */,
				8D08C5D42A55A69200E79476 /* DataContainer.xcdatamodeld */,
				8D4E08162AAA14FA00B3544F /* Data */,
				8D6059E02AB874C30043A293 /* Rates */,
				8D7EFB092A850934009797E8 /* Extensions */,
				8DBFEBF72A49ED7600165414 /* Views */,
				8D4B69A82A66ED1E008F098B /* SubViews */,
				8D0763A92A4B278100D2C3FF /* Utils */,
				8DBFEBD32A49ED4900165414 /* Preview Content */,
			);
			path = financecontrol;
			sourceTree = "<group>";
		};
		8DBFEBD32A49ED4900165414 /* Preview Content */ = {
			isa = PBXGroup;
			children = (
				8DBFEBD42A49ED4900165414 /* Preview Assets.xcassets */,
			);
			path = "Preview Content";
			sourceTree = "<group>";
		};
		8DBFEBF72A49ED7600165414 /* Views */ = {
			isa = PBXGroup;
			children = (
				8D406EA52A9A368B002D3ED1 /* Home */,
				8D406EA32A9A365B002D3ED1 /* Stats */,
				8D406EA72A9A36A6002D3ED1 /* Settings */,
			);
			path = Views;
			sourceTree = "<group>";
		};
		8DE48D152A73BB80008A2DD4 /* PieChart */ = {
			isa = PBXGroup;
			children = (
				8D406EA22A9A360A002D3ED1 /* Data */,
				8DE48D132A73B9F3008A2DD4 /* PieChartGenerator.swift */,
				8D78BB892A9A1B570075DC70 /* PieChart.swift */,
				8D78BB8B2A9A1ED70075DC70 /* EmptyPieChart.swift */,
				8D7806092A6984F800343D89 /* PieChartPiece.swift */,
			);
			path = PieChart;
			sourceTree = "<group>";
		};
/* End PBXGroup section */

/* Begin PBXNativeTarget section */
		8DBFEBC92A49ED4800165414 /* financecontrol */ = {
			isa = PBXNativeTarget;
			buildConfigurationList = 8DBFEBEE2A49ED4900165414 /* Build configuration list for PBXNativeTarget "financecontrol" */;
			buildPhases = (
				8DBFEBC62A49ED4800165414 /* Sources */,
				8DBFEBC72A49ED4800165414 /* Frameworks */,
				8DBFEBC82A49ED4800165414 /* Resources */,
			);
			buildRules = (
			);
			dependencies = (
			);
			name = financecontrol;
			packageProductDependencies = (
				8DFA950C2AA739A900CA2C68 /* ApplePie */,
			);
			productName = financecontrol;
			productReference = 8DBFEBCA2A49ED4800165414 /* financecontrol.app */;
			productType = "com.apple.product-type.application";
		};
		8DBFEBD92A49ED4900165414 /* financecontrolTests */ = {
			isa = PBXNativeTarget;
			buildConfigurationList = 8DBFEBF12A49ED4900165414 /* Build configuration list for PBXNativeTarget "financecontrolTests" */;
			buildPhases = (
				8DBFEBD62A49ED4900165414 /* Sources */,
				8DBFEBD72A49ED4900165414 /* Frameworks */,
				8DBFEBD82A49ED4900165414 /* Resources */,
			);
			buildRules = (
			);
			dependencies = (
				8DBFEBDC2A49ED4900165414 /* PBXTargetDependency */,
			);
			name = financecontrolTests;
			productName = financecontrolTests;
			productReference = 8DBFEBDA2A49ED4900165414 /* financecontrolTests.xctest */;
			productType = "com.apple.product-type.bundle.unit-test";
		};
		8DBFEBE32A49ED4900165414 /* financecontrolUITests */ = {
			isa = PBXNativeTarget;
			buildConfigurationList = 8DBFEBF42A49ED4900165414 /* Build configuration list for PBXNativeTarget "financecontrolUITests" */;
			buildPhases = (
				8DBFEBE02A49ED4900165414 /* Sources */,
				8DBFEBE12A49ED4900165414 /* Frameworks */,
				8DBFEBE22A49ED4900165414 /* Resources */,
			);
			buildRules = (
			);
			dependencies = (
				8DBFEBE62A49ED4900165414 /* PBXTargetDependency */,
			);
			name = financecontrolUITests;
			productName = financecontrolUITests;
			productReference = 8DBFEBE42A49ED4900165414 /* financecontrolUITests.xctest */;
			productType = "com.apple.product-type.bundle.ui-testing";
		};
/* End PBXNativeTarget section */

/* Begin PBXProject section */
		8DBFEBC22A49ED4800165414 /* Project object */ = {
			isa = PBXProject;
			attributes = {
				BuildIndependentTargetsInParallel = 1;
				LastSwiftUpdateCheck = 1430;
				LastUpgradeCheck = 1430;
				TargetAttributes = {
					8DBFEBC92A49ED4800165414 = {
						CreatedOnToolsVersion = 14.3.1;
					};
					8DBFEBD92A49ED4900165414 = {
						CreatedOnToolsVersion = 14.3.1;
						TestTargetID = 8DBFEBC92A49ED4800165414;
					};
					8DBFEBE32A49ED4900165414 = {
						CreatedOnToolsVersion = 14.3.1;
						TestTargetID = 8DBFEBC92A49ED4800165414;
					};
				};
			};
			buildConfigurationList = 8DBFEBC52A49ED4800165414 /* Build configuration list for PBXProject "financecontrol" */;
			compatibilityVersion = "Xcode 14.0";
			developmentRegion = en;
			hasScannedForEncodings = 0;
			knownRegions = (
				en,
				Base,
			);
			mainGroup = 8DBFEBC12A49ED4800165414;
			packageReferences = (
				8DFA950B2AA739A900CA2C68 /* XCRemoteSwiftPackageReference "ApplePie" */,
			);
			productRefGroup = 8DBFEBCB2A49ED4800165414 /* Products */;
			projectDirPath = "";
			projectRoot = "";
			targets = (
				8DBFEBC92A49ED4800165414 /* financecontrol */,
				8DBFEBD92A49ED4900165414 /* financecontrolTests */,
				8DBFEBE32A49ED4900165414 /* financecontrolUITests */,
			);
		};
/* End PBXProject section */

/* Begin PBXResourcesBuildPhase section */
		8DBFEBC82A49ED4800165414 /* Resources */ = {
			isa = PBXResourcesBuildPhase;
			buildActionMask = 2147483647;
			files = (
				8DF8AE9C2AB47334006D287B /* .gitignore in Resources */,
				8DBFEBD52A49ED4900165414 /* Preview Assets.xcassets in Resources */,
				8D4927672AB2128F008E6347 /* readme.md in Resources */,
				8DBFEBD22A49ED4900165414 /* Assets.xcassets in Resources */,
			);
			runOnlyForDeploymentPostprocessing = 0;
		};
		8DBFEBD82A49ED4900165414 /* Resources */ = {
			isa = PBXResourcesBuildPhase;
			buildActionMask = 2147483647;
			files = (
			);
			runOnlyForDeploymentPostprocessing = 0;
		};
		8DBFEBE22A49ED4900165414 /* Resources */ = {
			isa = PBXResourcesBuildPhase;
			buildActionMask = 2147483647;
			files = (
			);
			runOnlyForDeploymentPostprocessing = 0;
		};
/* End PBXResourcesBuildPhase section */

/* Begin PBXSourcesBuildPhase section */
		8DBFEBC62A49ED4800165414 /* Sources */ = {
			isa = PBXSourcesBuildPhase;
			buildActionMask = 2147483647;
			files = (
				8D78BB8C2A9A1ED70075DC70 /* EmptyPieChart.swift in Sources */,
				8D1E71E32AAEFED6004A17B4 /* ColorExtensions.swift in Sources */,
				8D6059E22AB874FA0043A293 /* RatesViewModel.swift in Sources */,
				8D5860332A5F3898001D97AC /* SpendingView.swift in Sources */,
				8D7EFB0B2A85096B009797E8 /* DateExtensions.swift in Sources */,
				8DCB302B2A971C2F00DC9ABB /* OtherExtensions.swift in Sources */,
				8D88CDC12AA0E37000668DEC /* CategoryEntity+CoreDataProperties.swift in Sources */,
				8DCB302F2A97578F00DC9ABB /* ViewExtensions.swift in Sources */,
				8D88CDC32AA0E37000668DEC /* SpendingEntity+CoreDataProperties.swift in Sources */,
				8DC4279C2A570D9600525DC4 /* StatsView.swift in Sources */,
				8D7ECC7A2AACAF6F005A515D /* CustomColorSelector.swift in Sources */,
				8D0763A32A4B07ED00D2C3FF /* AddSpendingView.swift in Sources */,
				8D31CE5E2AD029EC00E8B74B /* APIURLComponents.swift in Sources */,
				8D0763A82A4B257F00D2C3FF /* CurrencySelector.swift in Sources */,
				8DB294BA2A7C0FF800170BA2 /* NumbersViewModifier.swift in Sources */,
				8DBFEBD02A49ED4800165414 /* ContentView.swift in Sources */,
				8D9B50122AC1A5C800C7732B /* RatesModel.swift in Sources */,
				8D1E71E52AAF1C1A004A17B4 /* CategoryEditView.swift in Sources */,
				8DBEF1352ADD6D4F005D683D /* CategoryRow.swift in Sources */,
				8D78BB8A2A9A1B570075DC70 /* PieChart.swift in Sources */,
				8DBAABEA2A866E7D0089521E /* SpendingCompleteView.swift in Sources */,
				8D0429D92A9B8B2D00A09BB4 /* BarChartBar.swift in Sources */,
				8D2316F82AD3112F00CEE8C1 /* ErrorHandler.swift in Sources */,
				8DBEF1332ADD5BB8005D683D /* NewCurrencyRow.swift in Sources */,
				8DBFEBCE2A49ED4800165414 /* financecontrolApp.swift in Sources */,
				8D3876632A740F960005FFAF /* InputUtils.swift in Sources */,
				8D21FE792A6197BF003C4AE0 /* DestroyPSView.swift in Sources */,
				8DD5C38F2A607F1C00FC862C /* CategorySelector.swift in Sources */,
				8D88CDC22AA0E37000668DEC /* SpendingEntity+CoreDataClass.swift in Sources */,
				8D4E081C2AAA163800B3544F /* CurrenciesModel.swift in Sources */,
				8D591EA82A93AAF700A9CD07 /* LaunchActions.swift in Sources */,
				8DD5C38C2A603F4500FC862C /* Formatters.swift in Sources */,
				8D4A539C2A78055200081E5F /* SpendingEditView.swift in Sources */,
				8DCA25E42A9F4E5300A5BC31 /* ShadowedCategoriesView.swift in Sources */,
				8DBA96A62AD48DB800F900C4 /* AboutView.swift in Sources */,
				8DE48D142A73B9F3008A2DD4 /* PieChartGenerator.swift in Sources */,
				8D5894982A829E3D00A6DB65 /* BarChart.swift in Sources */,
				8D78060A2A6984F800343D89 /* PieChartPiece.swift in Sources */,
				8DBED4D32ADC37660031DBA8 /* CurrencyRow.swift in Sources */,
				8D6059E42AB87AF60043A293 /* RatesView.swift in Sources */,
				8D75E5B02A67FAF9009CA5C6 /* UiColorSelector.swift in Sources */,
				8DEC3FF12AD580D700F5D82E /* DebugView.swift in Sources */,
				8D0429DB2A9B8D2400A09BB4 /* BarChartGenerator.swift in Sources */,
				8D28C7F02A73DF7000F27CD4 /* Colors.swift in Sources */,
				8D406EAC2A9A386E002D3ED1 /* BarChartData.swift in Sources */,
				8D4E08182AAA152A00B3544F /* SpendingsModel.swift in Sources */,
				8DE48D172A73BBC8008A2DD4 /* PieChartData.swift in Sources */,
				8DCB302D2A97314400DC9ABB /* StatsRow.swift in Sources */,
				8D4B0ACF2A55F245008D32B1 /* DataController.swift in Sources */,
				8D08C5D62A55A69200E79476 /* DataContainer.xcdatamodeld in Sources */,
				8D5587202A95FE7600FEF2B5 /* StringExtensions.swift in Sources */,
				8DCAB8732A7D4F83009B2F89 /* AddCurrencyView.swift in Sources */,
				8D830DF12AE00CE600EFB1E7 /* ShadowedCategoriesRow.swift in Sources */,
				8DE48D122A72DA88008A2DD4 /* CategoriesEditView.swift in Sources */,
				8DEED7282A5C4A3700C79752 /* SettingsView.swift in Sources */,
				8D9B50162AC2FCCD00C7732B /* RatesErrors.swift in Sources */,
				8D0763AB2A4B3AAF00D2C3FF /* DateSelector.swift in Sources */,
				8DBFEBF92A49ED9A00165414 /* HomeView.swift in Sources */,
				8DE29BA82A683F01002F5C42 /* AddCategoryView.swift in Sources */,
				8D4E081A2AAA15B900B3544F /* CategoriesModel.swift in Sources */,
				8D88CDC02AA0E37000668DEC /* CategoryEntity+CoreDataClass.swift in Sources */,
				8DDFD4742A68249100493753 /* DefaultCurrencySelector.swift in Sources */,
			);
			runOnlyForDeploymentPostprocessing = 0;
		};
		8DBFEBD62A49ED4900165414 /* Sources */ = {
			isa = PBXSourcesBuildPhase;
			buildActionMask = 2147483647;
			files = (
			);
			runOnlyForDeploymentPostprocessing = 0;
		};
		8DBFEBE02A49ED4900165414 /* Sources */ = {
			isa = PBXSourcesBuildPhase;
			buildActionMask = 2147483647;
			files = (
			);
			runOnlyForDeploymentPostprocessing = 0;
		};
/* End PBXSourcesBuildPhase section */

/* Begin PBXTargetDependency section */
		8DBFEBDC2A49ED4900165414 /* PBXTargetDependency */ = {
			isa = PBXTargetDependency;
			target = 8DBFEBC92A49ED4800165414 /* financecontrol */;
			targetProxy = 8DBFEBDB2A49ED4900165414 /* PBXContainerItemProxy */;
		};
		8DBFEBE62A49ED4900165414 /* PBXTargetDependency */ = {
			isa = PBXTargetDependency;
			target = 8DBFEBC92A49ED4800165414 /* financecontrol */;
			targetProxy = 8DBFEBE52A49ED4900165414 /* PBXContainerItemProxy */;
		};
/* End PBXTargetDependency section */

/* Begin XCBuildConfiguration section */
		8DBFEBEC2A49ED4900165414 /* Debug */ = {
			isa = XCBuildConfiguration;
			buildSettings = {
				ALWAYS_SEARCH_USER_PATHS = NO;
				CLANG_ANALYZER_NONNULL = YES;
				CLANG_ANALYZER_NUMBER_OBJECT_CONVERSION = YES_AGGRESSIVE;
				CLANG_CXX_LANGUAGE_STANDARD = "gnu++20";
				CLANG_ENABLE_MODULES = YES;
				CLANG_ENABLE_OBJC_ARC = YES;
				CLANG_ENABLE_OBJC_WEAK = YES;
				CLANG_WARN_BLOCK_CAPTURE_AUTORELEASING = YES;
				CLANG_WARN_BOOL_CONVERSION = YES;
				CLANG_WARN_COMMA = YES;
				CLANG_WARN_CONSTANT_CONVERSION = YES;
				CLANG_WARN_DEPRECATED_OBJC_IMPLEMENTATIONS = YES;
				CLANG_WARN_DIRECT_OBJC_ISA_USAGE = YES_ERROR;
				CLANG_WARN_DOCUMENTATION_COMMENTS = YES;
				CLANG_WARN_EMPTY_BODY = YES;
				CLANG_WARN_ENUM_CONVERSION = YES;
				CLANG_WARN_INFINITE_RECURSION = YES;
				CLANG_WARN_INT_CONVERSION = YES;
				CLANG_WARN_NON_LITERAL_NULL_CONVERSION = YES;
				CLANG_WARN_OBJC_IMPLICIT_RETAIN_SELF = YES;
				CLANG_WARN_OBJC_LITERAL_CONVERSION = YES;
				CLANG_WARN_OBJC_ROOT_CLASS = YES_ERROR;
				CLANG_WARN_QUOTED_INCLUDE_IN_FRAMEWORK_HEADER = YES;
				CLANG_WARN_RANGE_LOOP_ANALYSIS = YES;
				CLANG_WARN_STRICT_PROTOTYPES = YES;
				CLANG_WARN_SUSPICIOUS_MOVE = YES;
				CLANG_WARN_UNGUARDED_AVAILABILITY = YES_AGGRESSIVE;
				CLANG_WARN_UNREACHABLE_CODE = YES;
				CLANG_WARN__DUPLICATE_METHOD_MATCH = YES;
				COPY_PHASE_STRIP = NO;
				DEBUG_INFORMATION_FORMAT = dwarf;
				ENABLE_STRICT_OBJC_MSGSEND = YES;
				ENABLE_TESTABILITY = YES;
				GCC_C_LANGUAGE_STANDARD = gnu11;
				GCC_DYNAMIC_NO_PIC = NO;
				GCC_NO_COMMON_BLOCKS = YES;
				GCC_OPTIMIZATION_LEVEL = 0;
				GCC_PREPROCESSOR_DEFINITIONS = (
					"DEBUG=1",
					"$(inherited)",
				);
				GCC_WARN_64_TO_32_BIT_CONVERSION = YES;
				GCC_WARN_ABOUT_RETURN_TYPE = YES_ERROR;
				GCC_WARN_UNDECLARED_SELECTOR = YES;
				GCC_WARN_UNINITIALIZED_AUTOS = YES_AGGRESSIVE;
				GCC_WARN_UNUSED_FUNCTION = YES;
				GCC_WARN_UNUSED_VARIABLE = YES;
				IPHONEOS_DEPLOYMENT_TARGET = 16.0;
				MTL_ENABLE_DEBUG_INFO = INCLUDE_SOURCE;
				MTL_FAST_MATH = YES;
				ONLY_ACTIVE_ARCH = YES;
				SDKROOT = iphoneos;
				SWIFT_ACTIVE_COMPILATION_CONDITIONS = DEBUG;
				SWIFT_OPTIMIZATION_LEVEL = "-Onone";
			};
			name = Debug;
		};
		8DBFEBED2A49ED4900165414 /* Release */ = {
			isa = XCBuildConfiguration;
			buildSettings = {
				ALWAYS_SEARCH_USER_PATHS = NO;
				CLANG_ANALYZER_NONNULL = YES;
				CLANG_ANALYZER_NUMBER_OBJECT_CONVERSION = YES_AGGRESSIVE;
				CLANG_CXX_LANGUAGE_STANDARD = "gnu++20";
				CLANG_ENABLE_MODULES = YES;
				CLANG_ENABLE_OBJC_ARC = YES;
				CLANG_ENABLE_OBJC_WEAK = YES;
				CLANG_WARN_BLOCK_CAPTURE_AUTORELEASING = YES;
				CLANG_WARN_BOOL_CONVERSION = YES;
				CLANG_WARN_COMMA = YES;
				CLANG_WARN_CONSTANT_CONVERSION = YES;
				CLANG_WARN_DEPRECATED_OBJC_IMPLEMENTATIONS = YES;
				CLANG_WARN_DIRECT_OBJC_ISA_USAGE = YES_ERROR;
				CLANG_WARN_DOCUMENTATION_COMMENTS = YES;
				CLANG_WARN_EMPTY_BODY = YES;
				CLANG_WARN_ENUM_CONVERSION = YES;
				CLANG_WARN_INFINITE_RECURSION = YES;
				CLANG_WARN_INT_CONVERSION = YES;
				CLANG_WARN_NON_LITERAL_NULL_CONVERSION = YES;
				CLANG_WARN_OBJC_IMPLICIT_RETAIN_SELF = YES;
				CLANG_WARN_OBJC_LITERAL_CONVERSION = YES;
				CLANG_WARN_OBJC_ROOT_CLASS = YES_ERROR;
				CLANG_WARN_QUOTED_INCLUDE_IN_FRAMEWORK_HEADER = YES;
				CLANG_WARN_RANGE_LOOP_ANALYSIS = YES;
				CLANG_WARN_STRICT_PROTOTYPES = YES;
				CLANG_WARN_SUSPICIOUS_MOVE = YES;
				CLANG_WARN_UNGUARDED_AVAILABILITY = YES_AGGRESSIVE;
				CLANG_WARN_UNREACHABLE_CODE = YES;
				CLANG_WARN__DUPLICATE_METHOD_MATCH = YES;
				COPY_PHASE_STRIP = NO;
				DEBUG_INFORMATION_FORMAT = "dwarf-with-dsym";
				ENABLE_NS_ASSERTIONS = NO;
				ENABLE_STRICT_OBJC_MSGSEND = YES;
				GCC_C_LANGUAGE_STANDARD = gnu11;
				GCC_NO_COMMON_BLOCKS = YES;
				GCC_WARN_64_TO_32_BIT_CONVERSION = YES;
				GCC_WARN_ABOUT_RETURN_TYPE = YES_ERROR;
				GCC_WARN_UNDECLARED_SELECTOR = YES;
				GCC_WARN_UNINITIALIZED_AUTOS = YES_AGGRESSIVE;
				GCC_WARN_UNUSED_FUNCTION = YES;
				GCC_WARN_UNUSED_VARIABLE = YES;
				IPHONEOS_DEPLOYMENT_TARGET = 16.0;
				MTL_ENABLE_DEBUG_INFO = NO;
				MTL_FAST_MATH = YES;
				SDKROOT = iphoneos;
				SWIFT_COMPILATION_MODE = wholemodule;
				SWIFT_OPTIMIZATION_LEVEL = "-O";
				VALIDATE_PRODUCT = YES;
			};
			name = Release;
		};
		8DBFEBEF2A49ED4900165414 /* Debug */ = {
			isa = XCBuildConfiguration;
			buildSettings = {
				ASSETCATALOG_COMPILER_APPICON_NAME = AppIcon;
				ASSETCATALOG_COMPILER_GLOBAL_ACCENT_COLOR_NAME = AccentColor;
				CODE_SIGN_IDENTITY = "Apple Development";
				CODE_SIGN_STYLE = Automatic;
				CURRENT_PROJECT_VERSION = 1;
				DEVELOPMENT_ASSET_PATHS = "\"financecontrol/Preview Content\"";
				DEVELOPMENT_TEAM = 7C2VKHXNS9;
				ENABLE_PREVIEWS = YES;
				GENERATE_INFOPLIST_FILE = YES;
				INFOPLIST_FILE = financecontrol/Info.plist;
				INFOPLIST_KEY_CFBundleDisplayName = Squirrel;
				INFOPLIST_KEY_LSApplicationCategoryType = "public.app-category.productivity";
				INFOPLIST_KEY_UIApplicationSceneManifest_Generation = YES;
				INFOPLIST_KEY_UIApplicationSupportsIndirectInputEvents = YES;
				INFOPLIST_KEY_UILaunchScreen_Generation = YES;
				INFOPLIST_KEY_UISupportedInterfaceOrientations = UIInterfaceOrientationPortrait;
				INFOPLIST_KEY_UISupportedInterfaceOrientations_iPad = "UIInterfaceOrientationLandscapeLeft UIInterfaceOrientationLandscapeRight UIInterfaceOrientationPortrait UIInterfaceOrientationPortraitUpsideDown";
				IPHONEOS_DEPLOYMENT_TARGET = 16.0;
				LD_RUNPATH_SEARCH_PATHS = (
					"$(inherited)",
					"@executable_path/Frameworks",
				);
				MARKETING_VERSION = 0.2.3;
				PRODUCT_BUNDLE_IDENTIFIER = com.pinkxacid.financecontrol;
				PRODUCT_NAME = "$(TARGET_NAME)";
				PROVISIONING_PROFILE_SPECIFIER = "";
				SUPPORTED_PLATFORMS = "iphoneos iphonesimulator";
				SUPPORTS_MACCATALYST = NO;
				SUPPORTS_MAC_DESIGNED_FOR_IPHONE_IPAD = NO;
				SWIFT_EMIT_LOC_STRINGS = YES;
				SWIFT_VERSION = 5.0;
				TARGETED_DEVICE_FAMILY = "1,2";
			};
			name = Debug;
		};
		8DBFEBF02A49ED4900165414 /* Release */ = {
			isa = XCBuildConfiguration;
			buildSettings = {
				ASSETCATALOG_COMPILER_APPICON_NAME = AppIcon;
				ASSETCATALOG_COMPILER_GLOBAL_ACCENT_COLOR_NAME = AccentColor;
				CODE_SIGN_IDENTITY = "Apple Development";
				CODE_SIGN_STYLE = Automatic;
				CURRENT_PROJECT_VERSION = 1;
				DEVELOPMENT_ASSET_PATHS = "\"financecontrol/Preview Content\"";
				DEVELOPMENT_TEAM = 7C2VKHXNS9;
				ENABLE_PREVIEWS = YES;
				GENERATE_INFOPLIST_FILE = YES;
				INFOPLIST_FILE = financecontrol/Info.plist;
				INFOPLIST_KEY_CFBundleDisplayName = Squirrel;
				INFOPLIST_KEY_LSApplicationCategoryType = "public.app-category.productivity";
				INFOPLIST_KEY_UIApplicationSceneManifest_Generation = YES;
				INFOPLIST_KEY_UIApplicationSupportsIndirectInputEvents = YES;
				INFOPLIST_KEY_UILaunchScreen_Generation = YES;
				INFOPLIST_KEY_UISupportedInterfaceOrientations = UIInterfaceOrientationPortrait;
				INFOPLIST_KEY_UISupportedInterfaceOrientations_iPad = "UIInterfaceOrientationLandscapeLeft UIInterfaceOrientationLandscapeRight UIInterfaceOrientationPortrait UIInterfaceOrientationPortraitUpsideDown";
				IPHONEOS_DEPLOYMENT_TARGET = 16.0;
				LD_RUNPATH_SEARCH_PATHS = (
					"$(inherited)",
					"@executable_path/Frameworks",
				);
				MARKETING_VERSION = 0.2.3;
				PRODUCT_BUNDLE_IDENTIFIER = com.pinkxacid.financecontrol;
				PRODUCT_NAME = "$(TARGET_NAME)";
				PROVISIONING_PROFILE_SPECIFIER = "";
				SUPPORTED_PLATFORMS = "iphoneos iphonesimulator";
				SUPPORTS_MACCATALYST = NO;
				SUPPORTS_MAC_DESIGNED_FOR_IPHONE_IPAD = NO;
				SWIFT_EMIT_LOC_STRINGS = YES;
				SWIFT_VERSION = 5.0;
				TARGETED_DEVICE_FAMILY = "1,2";
			};
			name = Release;
		};
		8DBFEBF22A49ED4900165414 /* Debug */ = {
			isa = XCBuildConfiguration;
			buildSettings = {
				ALWAYS_EMBED_SWIFT_STANDARD_LIBRARIES = YES;
				BUNDLE_LOADER = "$(TEST_HOST)";
				CODE_SIGN_STYLE = Automatic;
				CURRENT_PROJECT_VERSION = 1;
				DEVELOPMENT_TEAM = 7C2VKHXNS9;
				GENERATE_INFOPLIST_FILE = YES;
				IPHONEOS_DEPLOYMENT_TARGET = 16.4;
				MARKETING_VERSION = 1.0;
				PRODUCT_BUNDLE_IDENTIFIER = com.pinkxacid.financecontrolTests;
				PRODUCT_NAME = "$(TARGET_NAME)";
				SWIFT_EMIT_LOC_STRINGS = NO;
				SWIFT_VERSION = 5.0;
				TARGETED_DEVICE_FAMILY = "1,2";
				TEST_HOST = "$(BUILT_PRODUCTS_DIR)/financecontrol.app/$(BUNDLE_EXECUTABLE_FOLDER_PATH)/financecontrol";
			};
			name = Debug;
		};
		8DBFEBF32A49ED4900165414 /* Release */ = {
			isa = XCBuildConfiguration;
			buildSettings = {
				ALWAYS_EMBED_SWIFT_STANDARD_LIBRARIES = YES;
				BUNDLE_LOADER = "$(TEST_HOST)";
				CODE_SIGN_STYLE = Automatic;
				CURRENT_PROJECT_VERSION = 1;
				DEVELOPMENT_TEAM = 7C2VKHXNS9;
				GENERATE_INFOPLIST_FILE = YES;
				IPHONEOS_DEPLOYMENT_TARGET = 16.4;
				MARKETING_VERSION = 1.0;
				PRODUCT_BUNDLE_IDENTIFIER = com.pinkxacid.financecontrolTests;
				PRODUCT_NAME = "$(TARGET_NAME)";
				SWIFT_EMIT_LOC_STRINGS = NO;
				SWIFT_VERSION = 5.0;
				TARGETED_DEVICE_FAMILY = "1,2";
				TEST_HOST = "$(BUILT_PRODUCTS_DIR)/financecontrol.app/$(BUNDLE_EXECUTABLE_FOLDER_PATH)/financecontrol";
			};
			name = Release;
		};
		8DBFEBF52A49ED4900165414 /* Debug */ = {
			isa = XCBuildConfiguration;
			buildSettings = {
				ALWAYS_EMBED_SWIFT_STANDARD_LIBRARIES = YES;
				CODE_SIGN_STYLE = Automatic;
				CURRENT_PROJECT_VERSION = 1;
				DEVELOPMENT_TEAM = 7C2VKHXNS9;
				GENERATE_INFOPLIST_FILE = YES;
				MARKETING_VERSION = 1.0;
				PRODUCT_BUNDLE_IDENTIFIER = com.pinkxacid.financecontrolUITests;
				PRODUCT_NAME = "$(TARGET_NAME)";
				SWIFT_EMIT_LOC_STRINGS = NO;
				SWIFT_VERSION = 5.0;
				TARGETED_DEVICE_FAMILY = "1,2";
				TEST_TARGET_NAME = financecontrol;
			};
			name = Debug;
		};
		8DBFEBF62A49ED4900165414 /* Release */ = {
			isa = XCBuildConfiguration;
			buildSettings = {
				ALWAYS_EMBED_SWIFT_STANDARD_LIBRARIES = YES;
				CODE_SIGN_STYLE = Automatic;
				CURRENT_PROJECT_VERSION = 1;
				DEVELOPMENT_TEAM = 7C2VKHXNS9;
				GENERATE_INFOPLIST_FILE = YES;
				MARKETING_VERSION = 1.0;
				PRODUCT_BUNDLE_IDENTIFIER = com.pinkxacid.financecontrolUITests;
				PRODUCT_NAME = "$(TARGET_NAME)";
				SWIFT_EMIT_LOC_STRINGS = NO;
				SWIFT_VERSION = 5.0;
				TARGETED_DEVICE_FAMILY = "1,2";
				TEST_TARGET_NAME = financecontrol;
			};
			name = Release;
		};
/* End XCBuildConfiguration section */

/* Begin XCConfigurationList section */
		8DBFEBC52A49ED4800165414 /* Build configuration list for PBXProject "financecontrol" */ = {
			isa = XCConfigurationList;
			buildConfigurations = (
				8DBFEBEC2A49ED4900165414 /* Debug */,
				8DBFEBED2A49ED4900165414 /* Release */,
			);
			defaultConfigurationIsVisible = 0;
			defaultConfigurationName = Release;
		};
		8DBFEBEE2A49ED4900165414 /* Build configuration list for PBXNativeTarget "financecontrol" */ = {
			isa = XCConfigurationList;
			buildConfigurations = (
				8DBFEBEF2A49ED4900165414 /* Debug */,
				8DBFEBF02A49ED4900165414 /* Release */,
			);
			defaultConfigurationIsVisible = 0;
			defaultConfigurationName = Release;
		};
		8DBFEBF12A49ED4900165414 /* Build configuration list for PBXNativeTarget "financecontrolTests" */ = {
			isa = XCConfigurationList;
			buildConfigurations = (
				8DBFEBF22A49ED4900165414 /* Debug */,
				8DBFEBF32A49ED4900165414 /* Release */,
			);
			defaultConfigurationIsVisible = 0;
			defaultConfigurationName = Release;
		};
		8DBFEBF42A49ED4900165414 /* Build configuration list for PBXNativeTarget "financecontrolUITests" */ = {
			isa = XCConfigurationList;
			buildConfigurations = (
				8DBFEBF52A49ED4900165414 /* Debug */,
				8DBFEBF62A49ED4900165414 /* Release */,
			);
			defaultConfigurationIsVisible = 0;
			defaultConfigurationName = Release;
		};
/* End XCConfigurationList section */

/* Begin XCRemoteSwiftPackageReference section */
		8DFA950B2AA739A900CA2C68 /* XCRemoteSwiftPackageReference "ApplePie" */ = {
			isa = XCRemoteSwiftPackageReference;
			repositoryURL = /Users/pinkxacid/CodeProjects/Xcode/Packages/ApplePie;
			requirement = {
				branch = main;
				kind = branch;
			};
		};
/* End XCRemoteSwiftPackageReference section */

/* Begin XCSwiftPackageProductDependency section */
		8DFA950C2AA739A900CA2C68 /* ApplePie */ = {
			isa = XCSwiftPackageProductDependency;
			package = 8DFA950B2AA739A900CA2C68 /* XCRemoteSwiftPackageReference "ApplePie" */;
			productName = ApplePie;
		};
/* End XCSwiftPackageProductDependency section */

/* Begin XCVersionGroup section */
		8D08C5D42A55A69200E79476 /* DataContainer.xcdatamodeld */ = {
			isa = XCVersionGroup;
			children = (
				8D08C5D52A55A69200E79476 /* SpendingsModel.xcdatamodel */,
			);
			currentVersion = 8D08C5D52A55A69200E79476 /* SpendingsModel.xcdatamodel */;
			path = DataContainer.xcdatamodeld;
			sourceTree = "<group>";
			versionGroupType = wrapper.xcdatamodel;
		};
/* End XCVersionGroup section */
	};
	rootObject = 8DBFEBC22A49ED4800165414 /* Project object */;
}
